dependencies:
- name: helm-product
  repository: oci://ghcr.io/onecx/charts
  version: 0.4.0
- name: onecx-chat-svc
  repository: oci://ghcr.io/onecx/charts
  version: 0.0.0-rc.42
- name: onecx-chat-bff
  repository: oci://ghcr.io/onecx/charts
  version: 0.0.0-rc.39
- name: onecx-chat-ui
  repository: oci://ghcr.io/onecx/charts
  version: 0.0.0-rc.23
digest: sha256:e2d506a0f8cb2ff832a2eca0592c2f5cfbbea13d0ef1926db5f028e1592259b1
generated: "2026-06-15T11:26:34.683130365Z"
