dependencies:
- name: helm-product
  repository: oci://ghcr.io/onecx/charts
  version: 0.4.0
- name: onecx-chat-svc
  repository: oci://ghcr.io/onecx/charts
  version: 0.0.0-rc.37
- name: onecx-chat-bff
  repository: oci://ghcr.io/onecx/charts
  version: 0.0.0-rc.35
- name: onecx-chat-ui
  repository: oci://ghcr.io/onecx/charts
  version: 0.0.0-rc.19
digest: sha256:ff7254a8dfd10856e69494d3905a12c427de40e59b349d8eac63faf74a34a6f5
generated: "2026-06-01T17:12:11.37096718Z"
