dependencies:
- name: helm-product
  repository: oci://ghcr.io/onecx/charts
  version: 0.4.0
- name: onecx-chat-svc
  repository: oci://ghcr.io/onecx/charts
  version: 0.0.0-rc.21
- name: onecx-chat-bff
  repository: oci://ghcr.io/onecx/charts
  version: 0.0.0-rc.20
- name: onecx-chat-ui
  repository: oci://ghcr.io/onecx/charts
  version: 0.0.0-rc.13
digest: sha256:9c9dac66997af43416e22ff326dace67c07e1fa081c72eb1fba31d16de1ab424
generated: "2026-04-15T17:48:50.050410607Z"
